
Microsoft Visual Studio Solution File, Format Version 12.00
# Visual Studio Version 17
VisualStudioVersion = 17.0.31815.197
MinimumVisualStudioVersion = 10.0.40219.1
Project("{9A19103F-16F7-4668-BE54-9A1E7A4F7556}") = "androkat.core", "androkat.core\androkat.core.csproj", "{1A6A0F11-BB31-4CFE-94CF-1A6B089D5072}"
EndProject
Project("{9A19103F-16F7-4668-BE54-9A1E7A4F7556}") = "androkat.businesslayer", "androkat.businesslayer\androkat.businesslayer.csproj", "{4609AEF4-433D-47F8-878F-6DED93618342}"
EndProject
Project("{9A19103F-16F7-4668-BE54-9A1E7A4F7556}") = "androkat.datalayer", "androkat.datalayer\androkat.datalayer.csproj", "{4F8A2581-ACBD-47B8-AC28-D75176852E30}"
EndProject
Project("{2150E333-8FDC-42A3-9474-1A3956D46DE8}") = "doc", "doc", "{EF1FF47D-4DA8-4989-A5D2-38E71EBA8971}"
	ProjectSection(SolutionItems) = preProject
		..\..\readme.md = ..\..\readme.md
		sonar.bat = sonar.bat
	EndProjectSection
EndProject
Project("{2150E333-8FDC-42A3-9474-1A3956D46DE8}") = "Tests", "Tests", "{F1496188-CC8F-48A7-8BEC-36E80F62C0AA}"
EndProject
Project("{9A19103F-16F7-4668-BE54-9A1E7A4F7556}") = "androkat.datalayer.Tests", "Tests\androkat.datalayer.Tests\androkat.datalayer.Tests.csproj", "{7AB55180-7B74-40BD-9099-41C64B556ED9}"
EndProject
Project("{9A19103F-16F7-4668-BE54-9A1E7A4F7556}") = "androkat.core.Tests", "Tests\androkat.core.Tests\androkat.core.Tests.csproj", "{8B342DE8-38CB-4307-B8D9-F6293471778F}"
EndProject
Project("{9A19103F-16F7-4668-BE54-9A1E7A4F7556}") = "androkat.businesslayer.Tests", "Tests\androkat.businesslayer.Tests\androkat.businesslayer.Tests.csproj", "{BCDF3354-0AEE-461F-AECE-850AB57DA33E}"
EndProject
Project("{9A19103F-16F7-4668-BE54-9A1E7A4F7556}") = "androkat.domain", "androkat.domain\androkat.domain.csproj", "{67782132-7EA7-4B5D-9F0A-BCFD936BAC59}"
EndProject
Global
	GlobalSection(SolutionConfigurationPlatforms) = preSolution
		Debug|Any CPU = Debug|Any CPU
		Release|Any CPU = Release|Any CPU
	EndGlobalSection
	GlobalSection(ProjectConfigurationPlatforms) = postSolution
		{1A6A0F11-BB31-4CFE-94CF-1A6B089D5072}.Debug|Any CPU.ActiveCfg = Debug|Any CPU
		{1A6A0F11-BB31-4CFE-94CF-1A6B089D5072}.Debug|Any CPU.Build.0 = Debug|Any CPU
		{1A6A0F11-BB31-4CFE-94CF-1A6B089D5072}.Release|Any CPU.ActiveCfg = Release|Any CPU
		{1A6A0F11-BB31-4CFE-94CF-1A6B089D5072}.Release|Any CPU.Build.0 = Release|Any CPU
		{4609AEF4-433D-47F8-878F-6DED93618342}.Debug|Any CPU.ActiveCfg = Debug|Any CPU
		{4609AEF4-433D-47F8-878F-6DED93618342}.Debug|Any CPU.Build.0 = Debug|Any CPU
		{4609AEF4-433D-47F8-878F-6DED93618342}.Release|Any CPU.ActiveCfg = Release|Any CPU
		{4609AEF4-433D-47F8-878F-6DED93618342}.Release|Any CPU.Build.0 = Release|Any CPU
		{4F8A2581-ACBD-47B8-AC28-D75176852E30}.Debug|Any CPU.ActiveCfg = Debug|Any CPU
		{4F8A2581-ACBD-47B8-AC28-D75176852E30}.Debug|Any CPU.Build.0 = Debug|Any CPU
		{4F8A2581-ACBD-47B8-AC28-D75176852E30}.Release|Any CPU.ActiveCfg = Release|Any CPU
		{4F8A2581-ACBD-47B8-AC28-D75176852E30}.Release|Any CPU.Build.0 = Release|Any CPU
		{7AB55180-7B74-40BD-9099-41C64B556ED9}.Debug|Any CPU.ActiveCfg = Debug|Any CPU
		{7AB55180-7B74-40BD-9099-41C64B556ED9}.Debug|Any CPU.Build.0 = Debug|Any CPU
		{7AB55180-7B74-40BD-9099-41C64B556ED9}.Release|Any CPU.ActiveCfg = Release|Any CPU
		{7AB55180-7B74-40BD-9099-41C64B556ED9}.Release|Any CPU.Build.0 = Release|Any CPU
		{8B342DE8-38CB-4307-B8D9-F6293471778F}.Debug|Any CPU.ActiveCfg = Debug|Any CPU
		{8B342DE8-38CB-4307-B8D9-F6293471778F}.Debug|Any CPU.Build.0 = Debug|Any CPU
		{8B342DE8-38CB-4307-B8D9-F6293471778F}.Release|Any CPU.ActiveCfg = Release|Any CPU
		{8B342DE8-38CB-4307-B8D9-F6293471778F}.Release|Any CPU.Build.0 = Release|Any CPU
		{BCDF3354-0AEE-461F-AECE-850AB57DA33E}.Debug|Any CPU.ActiveCfg = Debug|Any CPU
		{BCDF3354-0AEE-461F-AECE-850AB57DA33E}.Debug|Any CPU.Build.0 = Debug|Any CPU
		{BCDF3354-0AEE-461F-AECE-850AB57DA33E}.Release|Any CPU.ActiveCfg = Release|Any CPU
		{BCDF3354-0AEE-461F-AECE-850AB57DA33E}.Release|Any CPU.Build.0 = Release|Any CPU
		{67782132-7EA7-4B5D-9F0A-BCFD936BAC59}.Debug|Any CPU.ActiveCfg = Debug|Any CPU
		{67782132-7EA7-4B5D-9F0A-BCFD936BAC59}.Debug|Any CPU.Build.0 = Debug|Any CPU
		{67782132-7EA7-4B5D-9F0A-BCFD936BAC59}.Release|Any CPU.ActiveCfg = Release|Any CPU
		{67782132-7EA7-4B5D-9F0A-BCFD936BAC59}.Release|Any CPU.Build.0 = Release|Any CPU
	EndGlobalSection
	GlobalSection(SolutionProperties) = preSolution
		HideSolutionNode = FALSE
	EndGlobalSection
	GlobalSection(NestedProjects) = preSolution
		{7AB55180-7B74-40BD-9099-41C64B556ED9} = {F1496188-CC8F-48A7-8BEC-36E80F62C0AA}
		{8B342DE8-38CB-4307-B8D9-F6293471778F} = {F1496188-CC8F-48A7-8BEC-36E80F62C0AA}
		{BCDF3354-0AEE-461F-AECE-850AB57DA33E} = {F1496188-CC8F-48A7-8BEC-36E80F62C0AA}
	EndGlobalSection
	GlobalSection(ExtensibilityGlobals) = postSolution
		SolutionGuid = {F9B96FD2-0630-4522-AAAE-E8CFE20269C4}
	EndGlobalSection
EndGlobal
